
Microsoft Visual Studio Solution File, Format Version 12.00
# Visual Studio Version 16
VisualStudioVersion = 16.0.31410.357
MinimumVisualStudioVersion = 10.0.40219.1
Project("{FAE04EC0-301F-11D3-BF4B-00C04F79EFBC}") = "AccountingNote.DBSource", "AccountingNote.DBSource\AccountingNote.DBSource.csproj", "{C4363D04-8B8A-403F-8DD4-1504219F4C37}"
EndProject
Project("{FAE04EC0-301F-11D3-BF4B-00C04F79EFBC}") = "AccountingNote", "AccountingNote\AccountingNote.csproj", "{6E60B778-13AF-4B4A-841E-90B718E62893}"
EndProject
Project("{FAE04EC0-301F-11D3-BF4B-00C04F79EFBC}") = "AccountingNote.Auth", "AccountingNote.Auth\AccountingNote.Auth.csproj", "{A788994C-C3B9-40F4-BF7C-A19D5E6D0B74}"
EndProject
Global
	GlobalSection(SolutionConfigurationPlatforms) = preSolution
		Debug|Any CPU = Debug|Any CPU
		Release|Any CPU = Release|Any CPU
	EndGlobalSection
	GlobalSection(ProjectConfigurationPlatforms) = postSolution
		{C4363D04-8B8A-403F-8DD4-1504219F4C37}.Debug|Any CPU.ActiveCfg = Debug|Any CPU
		{C4363D04-8B8A-403F-8DD4-1504219F4C37}.Debug|Any CPU.Build.0 = Debug|Any CPU
		{C4363D04-8B8A-403F-8DD4-1504219F4C37}.Release|Any CPU.ActiveCfg = Release|Any CPU
		{C4363D04-8B8A-403F-8DD4-1504219F4C37}.Release|Any CPU.Build.0 = Release|Any CPU
		{6E60B778-13AF-4B4A-841E-90B718E62893}.Debug|Any CPU.ActiveCfg = Debug|Any CPU
		{6E60B778-13AF-4B4A-841E-90B718E62893}.Debug|Any CPU.Build.0 = Debug|Any CPU
		{6E60B778-13AF-4B4A-841E-90B718E62893}.Release|Any CPU.ActiveCfg = Release|Any CPU
		{6E60B778-13AF-4B4A-841E-90B718E62893}.Release|Any CPU.Build.0 = Release|Any CPU
		{A788994C-C3B9-40F4-BF7C-A19D5E6D0B74}.Debug|Any CPU.ActiveCfg = Debug|Any CPU
		{A788994C-C3B9-40F4-BF7C-A19D5E6D0B74}.Debug|Any CPU.Build.0 = Debug|Any CPU
		{A788994C-C3B9-40F4-BF7C-A19D5E6D0B74}.Release|Any CPU.ActiveCfg = Release|Any CPU
		{A788994C-C3B9-40F4-BF7C-A19D5E6D0B74}.Release|Any CPU.Build.0 = Release|Any CPU
	EndGlobalSection
	GlobalSection(SolutionProperties) = preSolution
		HideSolutionNode = FALSE
	EndGlobalSection
	GlobalSection(ExtensibilityGlobals) = postSolution
		SolutionGuid = {BCAB7252-3460-470A-8AF9-06C6C1BFCB9A}
	EndGlobalSection
EndGlobal
